
Microsoft Visual Studio Solution File, Format Version 12.00
# Visual Studio Version 16
VisualStudioVersion = 16.0.30128.74
MinimumVisualStudioVersion = 10.0.40219.1
Project("{9A19103F-16F7-4668-BE54-9A1E7A4F7556}") = "BlazorCRUB.UI", "BlazorCRUB.UI\BlazorCRUB.UI.csproj", "{4EAE02F0-D370-48A5-B98B-0EA15490944C}"
EndProject
Project("{9A19103F-16F7-4668-BE54-9A1E7A4F7556}") = "BlazorCRUB.Model", "BlazorCRUB.Model\BlazorCRUB.Model.csproj", "{D993C544-137A-4521-BB6E-E840D35889B9}"
EndProject
Project("{9A19103F-16F7-4668-BE54-9A1E7A4F7556}") = "BlazorCRUB.Data.Dapper", "BlazorCRUB.Data.Dapper\BlazorCRUB.Data.Dapper.csproj", "{D352B25F-7D67-4747-B603-4026F0AB683C}"
EndProject
Global
	GlobalSection(SolutionConfigurationPlatforms) = preSolution
		Debug|Any CPU = Debug|Any CPU
		Release|Any CPU = Release|Any CPU
	EndGlobalSection
	GlobalSection(ProjectConfigurationPlatforms) = postSolution
		{4EAE02F0-D370-48A5-B98B-0EA15490944C}.Debug|Any CPU.ActiveCfg = Debug|Any CPU
		{4EAE02F0-D370-48A5-B98B-0EA15490944C}.Debug|Any CPU.Build.0 = Debug|Any CPU
		{4EAE02F0-D370-48A5-B98B-0EA15490944C}.Release|Any CPU.ActiveCfg = Release|Any CPU
		{4EAE02F0-D370-48A5-B98B-0EA15490944C}.Release|Any CPU.Build.0 = Release|Any CPU
		{D993C544-137A-4521-BB6E-E840D35889B9}.Debug|Any CPU.ActiveCfg = Debug|Any CPU
		{D993C544-137A-4521-BB6E-E840D35889B9}.Debug|Any CPU.Build.0 = Debug|Any CPU
		{D993C544-137A-4521-BB6E-E840D35889B9}.Release|Any CPU.ActiveCfg = Release|Any CPU
		{D993C544-137A-4521-BB6E-E840D35889B9}.Release|Any CPU.Build.0 = Release|Any CPU
		{D352B25F-7D67-4747-B603-4026F0AB683C}.Debug|Any CPU.ActiveCfg = Debug|Any CPU
		{D352B25F-7D67-4747-B603-4026F0AB683C}.Debug|Any CPU.Build.0 = Debug|Any CPU
		{D352B25F-7D67-4747-B603-4026F0AB683C}.Release|Any CPU.ActiveCfg = Release|Any CPU
		{D352B25F-7D67-4747-B603-4026F0AB683C}.Release|Any CPU.Build.0 = Release|Any CPU
	EndGlobalSection
	GlobalSection(SolutionProperties) = preSolution
		HideSolutionNode = FALSE
	EndGlobalSection
	GlobalSection(ExtensibilityGlobals) = postSolution
		SolutionGuid = {F6DFE48F-A48D-4EEE-AE56-187C071B00C0}
	EndGlobalSection
EndGlobal
